
Microsoft Visual Studio Solution File, Format Version 12.00
# Visual Studio Version 16
VisualStudioVersion = 16.0.30320.27
MinimumVisualStudioVersion = 10.0.40219.1
Project("{FAE04EC0-301F-11D3-BF4B-00C04F79EFBC}") = "demoCukCuk", "demoCukCuk\demoCukCuk.csproj", "{8981E479-C562-417F-AE1D-4A3141F33B59}"
EndProject
Global
	GlobalSection(SolutionConfigurationPlatforms) = preSolution
		Debug|Any CPU = Debug|Any CPU
		Release|Any CPU = Release|Any CPU
	EndGlobalSection
	GlobalSection(ProjectConfigurationPlatforms) = postSolution
		{8981E479-C562-417F-AE1D-4A3141F33B59}.Debug|Any CPU.ActiveCfg = Debug|Any CPU
		{8981E479-C562-417F-AE1D-4A3141F33B59}.Debug|Any CPU.Build.0 = Debug|Any CPU
		{8981E479-C562-417F-AE1D-4A3141F33B59}.Release|Any CPU.ActiveCfg = Release|Any CPU
		{8981E479-C562-417F-AE1D-4A3141F33B59}.Release|Any CPU.Build.0 = Release|Any CPU
	EndGlobalSection
	GlobalSection(SolutionProperties) = preSolution
		HideSolutionNode = FALSE
	EndGlobalSection
	GlobalSection(ExtensibilityGlobals) = postSolution
		SolutionGuid = {C1BDC47B-D7E7-478D-B0CF-C5C39FCC8DCD}
	EndGlobalSection
EndGlobal
